
Microsoft Visual Studio Solution File, Format Version 12.00
# Visual Studio Version 16
VisualStudioVersion = 16.0.30503.244
MinimumVisualStudioVersion = 10.0.40219.1
Project("{FAE04EC0-301F-11D3-BF4B-00C04F79EFBC}") = "User_Registration", "User_Registration\User_Registration.csproj", "{BBEBB8DD-1B0E-419B-9B28-B8F910CCF66C}"
EndProject
Project("{FAE04EC0-301F-11D3-BF4B-00C04F79EFBC}") = "MSTesting", "MSTesting\MSTesting.csproj", "{C4DD9687-F3E6-4D55-B8A5-C4521D8D8EAF}"
EndProject
Global
	GlobalSection(SolutionConfigurationPlatforms) = preSolution
		Debug|Any CPU = Debug|Any CPU
		Release|Any CPU = Release|Any CPU
	EndGlobalSection
	GlobalSection(ProjectConfigurationPlatforms) = postSolution
		{BBEBB8DD-1B0E-419B-9B28-B8F910CCF66C}.Debug|Any CPU.ActiveCfg = Debug|Any CPU
		{BBEBB8DD-1B0E-419B-9B28-B8F910CCF66C}.Debug|Any CPU.Build.0 = Debug|Any CPU
		{BBEBB8DD-1B0E-419B-9B28-B8F910CCF66C}.Release|Any CPU.ActiveCfg = Release|Any CPU
		{BBEBB8DD-1B0E-419B-9B28-B8F910CCF66C}.Release|Any CPU.Build.0 = Release|Any CPU
		{C4DD9687-F3E6-4D55-B8A5-C4521D8D8EAF}.Debug|Any CPU.ActiveCfg = Debug|Any CPU
		{C4DD9687-F3E6-4D55-B8A5-C4521D8D8EAF}.Debug|Any CPU.Build.0 = Debug|Any CPU
		{C4DD9687-F3E6-4D55-B8A5-C4521D8D8EAF}.Release|Any CPU.ActiveCfg = Release|Any CPU
		{C4DD9687-F3E6-4D55-B8A5-C4521D8D8EAF}.Release|Any CPU.Build.0 = Release|Any CPU
	EndGlobalSection
	GlobalSection(SolutionProperties) = preSolution
		HideSolutionNode = FALSE
	EndGlobalSection
	GlobalSection(ExtensibilityGlobals) = postSolution
		SolutionGuid = {475E9148-E78D-4A5B-BE05-A09758B2A2B7}
	EndGlobalSection
EndGlobal
